
Microsoft Visual Studio Solution File, Format Version 12.00
# Visual Studio Version 16
VisualStudioVersion = 16.0.30011.22
MinimumVisualStudioVersion = 10.0.40219.1
Project("{9A19103F-16F7-4668-BE54-9A1E7A4F7556}") = "Zhaoxi.LockService", "Zhaoxi.LockService\Zhaoxi.LockService.csproj", "{F107D628-E071-443D-AD15-D1353FB2B77A}"
EndProject
Project("{9A19103F-16F7-4668-BE54-9A1E7A4F7556}") = "redlock-cs", "Redlock-cs\redlock-cs.csproj", "{71F01153-2ECE-4D36-BEDE-B1F1E0D2D5A9}"
EndProject
Global
	GlobalSection(SolutionConfigurationPlatforms) = preSolution
		Debug|Any CPU = Debug|Any CPU
		Release|Any CPU = Release|Any CPU
	EndGlobalSection
	GlobalSection(ProjectConfigurationPlatforms) = postSolution
		{F107D628-E071-443D-AD15-D1353FB2B77A}.Debug|Any CPU.ActiveCfg = Debug|Any CPU
		{F107D628-E071-443D-AD15-D1353FB2B77A}.Debug|Any CPU.Build.0 = Debug|Any CPU
		{F107D628-E071-443D-AD15-D1353FB2B77A}.Release|Any CPU.ActiveCfg = Release|Any CPU
		{F107D628-E071-443D-AD15-D1353FB2B77A}.Release|Any CPU.Build.0 = Release|Any CPU
		{71F01153-2ECE-4D36-BEDE-B1F1E0D2D5A9}.Debug|Any CPU.ActiveCfg = Debug|Any CPU
		{71F01153-2ECE-4D36-BEDE-B1F1E0D2D5A9}.Debug|Any CPU.Build.0 = Debug|Any CPU
		{71F01153-2ECE-4D36-BEDE-B1F1E0D2D5A9}.Release|Any CPU.ActiveCfg = Release|Any CPU
		{71F01153-2ECE-4D36-BEDE-B1F1E0D2D5A9}.Release|Any CPU.Build.0 = Release|Any CPU
	EndGlobalSection
	GlobalSection(SolutionProperties) = preSolution
		HideSolutionNode = FALSE
	EndGlobalSection
	GlobalSection(ExtensibilityGlobals) = postSolution
		SolutionGuid = {D86F0447-88FA-4760-B31E-369A5A61D23A}
	EndGlobalSection
EndGlobal
